
Microsoft Visual Studio Solution File, Format Version 12.00
# Visual Studio 14
VisualStudioVersion = 14.0.23107.0
MinimumVisualStudioVersion = 10.0.40219.1
Project("{FAE04EC0-301F-11D3-BF4B-00C04F79EFBC}") = "CustomMdTest", "CustomMdTest\CustomMdTest\CustomMdTest.csproj", "{BC247990-6E0A-4E12-924C-B9EDD41568D4}"
EndProject
Project("{FAE04EC0-301F-11D3-BF4B-00C04F79EFBC}") = "CustomMdTest.iOS", "CustomMdTest\CustomMdTest.iOS\CustomMdTest.iOS.csproj", "{A9FFF0A2-2A9C-472B-B870-E84BD003D97C}"
EndProject
Project("{FAE04EC0-301F-11D3-BF4B-00C04F79EFBC}") = "CustomMdTest.Droid", "CustomMdTest\CustomMdTest.Droid\CustomMdTest.Droid.csproj", "{080C0438-45DE-4078-BF6E-B68EC6817C7C}"
EndProject
Project("{FAE04EC0-301F-11D3-BF4B-00C04F79EFBC}") = "CustomMdTest.WinPhone", "CustomMdTest\CustomMdTest.WinPhone\CustomMdTest.WinPhone.csproj", "{F7F8DE49-9D8B-4BAF-A1AA-0CEE0A4064F7}"
EndProject
Global
	GlobalSection(SolutionConfigurationPlatforms) = preSolution
		Ad-Hoc|Any CPU = Ad-Hoc|Any CPU
		Ad-Hoc|ARM = Ad-Hoc|ARM
		Ad-Hoc|iPhone = Ad-Hoc|iPhone
		Ad-Hoc|iPhoneSimulator = Ad-Hoc|iPhoneSimulator
		Ad-Hoc|x86 = Ad-Hoc|x86
		AppStore|Any CPU = AppStore|Any CPU
		AppStore|ARM = AppStore|ARM
		AppStore|iPhone = AppStore|iPhone
		AppStore|iPhoneSimulator = AppStore|iPhoneSimulator
		AppStore|x86 = AppStore|x86
		Debug|Any CPU = Debug|Any CPU
		Debug|ARM = Debug|ARM
		Debug|iPhone = Debug|iPhone
		Debug|iPhoneSimulator = Debug|iPhoneSimulator
		Debug|x86 = Debug|x86
		Release|Any CPU = Release|Any CPU
		Release|ARM = Release|ARM
		Release|iPhone = Release|iPhone
		Release|iPhoneSimulator = Release|iPhoneSimulator
		Release|x86 = Release|x86
	EndGlobalSection
	GlobalSection(ProjectConfigurationPlatforms) = postSolution
		{BC247990-6E0A-4E12-924C-B9EDD41568D4}.Ad-Hoc|Any CPU.ActiveCfg = Release|Any CPU
		{BC247990-6E0A-4E12-924C-B9EDD41568D4}.Ad-Hoc|Any CPU.Build.0 = Release|Any CPU
		{BC247990-6E0A-4E12-924C-B9EDD41568D4}.Ad-Hoc|ARM.ActiveCfg = Release|Any CPU
		{BC247990-6E0A-4E12-924C-B9EDD41568D4}.Ad-Hoc|ARM.Build.0 = Release|Any CPU
		{BC247990-6E0A-4E12-924C-B9EDD41568D4}.Ad-Hoc|iPhone.ActiveCfg = Release|Any CPU
		{BC247990-6E0A-4E12-924C-B9EDD41568D4}.Ad-Hoc|iPhone.Build.0 = Release|Any CPU
		{BC247990-6E0A-4E12-924C-B9EDD41568D4}.Ad-Hoc|iPhoneSimulator.ActiveCfg = Release|Any CPU
		{BC247990-6E0A-4E12-924C-B9EDD41568D4}.Ad-Hoc|iPhoneSimulator.Build.0 = Release|Any CPU
		{BC247990-6E0A-4E12-924C-B9EDD41568D4}.Ad-Hoc|x86.ActiveCfg = Release|Any CPU
		{BC247990-6E0A-4E12-924C-B9EDD41568D4}.Ad-Hoc|x86.Build.0 = Release|Any CPU
		{BC247990-6E0A-4E12-924C-B9EDD41568D4}.AppStore|Any CPU.ActiveCfg = Release|Any CPU
		{BC247990-6E0A-4E12-924C-B9EDD41568D4}.AppStore|Any CPU.Build.0 = Release|Any CPU
		{BC247990-6E0A-4E12-924C-B9EDD41568D4}.AppStore|ARM.ActiveCfg = Release|Any CPU
		{BC247990-6E0A-4E12-924C-B9EDD41568D4}.AppStore|ARM.Build.0 = Release|Any CPU
		{BC247990-6E0A-4E12-924C-B9EDD41568D4}.AppStore|iPhone.ActiveCfg = Release|Any CPU
		{BC247990-6E0A-4E12-924C-B9EDD41568D4}.AppStore|iPhone.Build.0 = Release|Any CPU
		{BC247990-6E0A-4E12-924C-B9EDD41568D4}.AppStore|iPhoneSimulator.ActiveCfg = Release|Any CPU
		{BC247990-6E0A-4E12-924C-B9EDD41568D4}.AppStore|iPhoneSimulator.Build.0 = Release|Any CPU
		{BC247990-6E0A-4E12-924C-B9EDD41568D4}.AppStore|x86.ActiveCfg = Release|Any CPU
		{BC247990-6E0A-4E12-924C-B9EDD41568D4}.AppStore|x86.Build.0 = Release|Any CPU
		{BC247990-6E0A-4E12-924C-B9EDD41568D4}.Debug|Any CPU.ActiveCfg = Debug|Any CPU
		{BC247990-6E0A-4E12-924C-B9EDD41568D4}.Debug|Any CPU.Build.0 = Debug|Any CPU
		{BC247990-6E0A-4E12-924C-B9EDD41568D4}.Debug|ARM.ActiveCfg = Debug|Any CPU
		{BC247990-6E0A-4E12-924C-B9EDD41568D4}.Debug|ARM.Build.0 = Debug|Any CPU
		{BC247990-6E0A-4E12-924C-B9EDD41568D4}.Debug|iPhone.ActiveCfg = Debug|Any CPU
		{BC247990-6E0A-4E12-924C-B9EDD41568D4}.Debug|iPhone.Build.0 = Debug|Any CPU
		{BC247990-6E0A-4E12-924C-B9EDD41568D4}.Debug|iPhoneSimulator.ActiveCfg = Debug|Any CPU
		{BC247990-6E0A-4E12-924C-B9EDD41568D4}.Debug|iPhoneSimulator.Build.0 = Debug|Any CPU
		{BC247990-6E0A-4E12-924C-B9EDD41568D4}.Debug|x86.ActiveCfg = Debug|Any CPU
		{BC247990-6E0A-4E12-924C-B9EDD41568D4}.Debug|x86.Build.0 = Debug|Any CPU
		{BC247990-6E0A-4E12-924C-B9EDD41568D4}.Release|Any CPU.ActiveCfg = Release|Any CPU
		{BC247990-6E0A-4E12-924C-B9EDD41568D4}.Release|Any CPU.Build.0 = Release|Any CPU
		{BC247990-6E0A-4E12-924C-B9EDD41568D4}.Release|ARM.ActiveCfg = Release|Any CPU
		{BC247990-6E0A-4E12-924C-B9EDD41568D4}.Release|ARM.Build.0 = Release|Any CPU
		{BC247990-6E0A-4E12-924C-B9EDD41568D4}.Release|iPhone.ActiveCfg = Release|Any CPU
		{BC247990-6E0A-4E12-924C-B9EDD41568D4}.Release|iPhone.Build.0 = Release|Any CPU
		{BC247990-6E0A-4E12-924C-B9EDD41568D4}.Release|iPhoneSimulator.ActiveCfg = Release|Any CPU
		{BC247990-6E0A-4E12-924C-B9EDD41568D4}.Release|iPhoneSimulator.Build.0 = Release|Any CPU
		{BC247990-6E0A-4E12-924C-B9EDD41568D4}.Release|x86.ActiveCfg = Release|Any CPU
		{BC247990-6E0A-4E12-924C-B9EDD41568D4}.Release|x86.Build.0 = Release|Any CPU
		{A9FFF0A2-2A9C-472B-B870-E84BD003D97C}.Ad-Hoc|Any CPU.ActiveCfg = Ad-Hoc|iPhone
		{A9FFF0A2-2A9C-472B-B870-E84BD003D97C}.Ad-Hoc|ARM.ActiveCfg = Ad-Hoc|iPhone
		{A9FFF0A2-2A9C-472B-B870-E84BD003D97C}.Ad-Hoc|iPhone.ActiveCfg = Ad-Hoc|iPhone
		{A9FFF0A2-2A9C-472B-B870-E84BD003D97C}.Ad-Hoc|iPhone.Build.0 = Ad-Hoc|iPhone
		{A9FFF0A2-2A9C-472B-B870-E84BD003D97C}.Ad-Hoc|iPhoneSimulator.ActiveCfg = Ad-Hoc|iPhoneSimulator
		{A9FFF0A2-2A9C-472B-B870-E84BD003D97C}.Ad-Hoc|iPhoneSimulator.Build.0 = Ad-Hoc|iPhoneSimulator
		{A9FFF0A2-2A9C-472B-B870-E84BD003D97C}.Ad-Hoc|x86.ActiveCfg = Ad-Hoc|iPhone
		{A9FFF0A2-2A9C-472B-B870-E84BD003D97C}.AppStore|Any CPU.ActiveCfg = AppStore|iPhone
		{A9FFF0A2-2A9C-472B-B870-E84BD003D97C}.AppStore|ARM.ActiveCfg = AppStore|iPhone
		{A9FFF0A2-2A9C-472B-B870-E84BD003D97C}.AppStore|iPhone.ActiveCfg = AppStore|iPhone
		{A9FFF0A2-2A9C-472B-B870-E84BD003D97C}.AppStore|iPhone.Build.0 = AppStore|iPhone
		{A9FFF0A2-2A9C-472B-B870-E84BD003D97C}.AppStore|iPhoneSimulator.ActiveCfg = AppStore|iPhoneSimulator
		{A9FFF0A2-2A9C-472B-B870-E84BD003D97C}.AppStore|iPhoneSimulator.Build.0 = AppStore|iPhoneSimulator
		{A9FFF0A2-2A9C-472B-B870-E84BD003D97C}.AppStore|x86.ActiveCfg = AppStore|iPhone
		{A9FFF0A2-2A9C-472B-B870-E84BD003D97C}.Debug|Any CPU.ActiveCfg = Debug|iPhone
		{A9FFF0A2-2A9C-472B-B870-E84BD003D97C}.Debug|ARM.ActiveCfg = Debug|iPhone
		{A9FFF0A2-2A9C-472B-B870-E84BD003D97C}.Debug|iPhone.ActiveCfg = Debug|iPhone
		{A9FFF0A2-2A9C-472B-B870-E84BD003D97C}.Debug|iPhone.Build.0 = Debug|iPhone
		{A9FFF0A2-2A9C-472B-B870-E84BD003D97C}.Debug|iPhoneSimulator.ActiveCfg = Debug|iPhoneSimulator
		{A9FFF0A2-2A9C-472B-B870-E84BD003D97C}.Debug|iPhoneSimulator.Build.0 = Debug|iPhoneSimulator
		{A9FFF0A2-2A9C-472B-B870-E84BD003D97C}.Debug|x86.ActiveCfg = Debug|iPhone
		{A9FFF0A2-2A9C-472B-B870-E84BD003D97C}.Release|Any CPU.ActiveCfg = Release|iPhone
		{A9FFF0A2-2A9C-472B-B870-E84BD003D97C}.Release|ARM.ActiveCfg = Release|iPhone
		{A9FFF0A2-2A9C-472B-B870-E84BD003D97C}.Release|iPhone.ActiveCfg = Release|iPhone
		{A9FFF0A2-2A9C-472B-B870-E84BD003D97C}.Release|iPhone.Build.0 = Release|iPhone
		{A9FFF0A2-2A9C-472B-B870-E84BD003D97C}.Release|iPhoneSimulator.ActiveCfg = Release|iPhoneSimulator
		{A9FFF0A2-2A9C-472B-B870-E84BD003D97C}.Release|iPhoneSimulator.Build.0 = Release|iPhoneSimulator
		{A9FFF0A2-2A9C-472B-B870-E84BD003D97C}.Release|x86.ActiveCfg = Release|iPhone
		{080C0438-45DE-4078-BF6E-B68EC6817C7C}.Ad-Hoc|Any CPU.ActiveCfg = Release|Any CPU
		{080C0438-45DE-4078-BF6E-B68EC6817C7C}.Ad-Hoc|Any CPU.Build.0 = Release|Any CPU
		{080C0438-45DE-4078-BF6E-B68EC6817C7C}.Ad-Hoc|Any CPU.Deploy.0 = Release|Any CPU
		{080C0438-45DE-4078-BF6E-B68EC6817C7C}.Ad-Hoc|ARM.ActiveCfg = Release|Any CPU
		{080C0438-45DE-4078-BF6E-B68EC6817C7C}.Ad-Hoc|ARM.Build.0 = Release|Any CPU
		{080C0438-45DE-4078-BF6E-B68EC6817C7C}.Ad-Hoc|ARM.Deploy.0 = Release|Any CPU
		{080C0438-45DE-4078-BF6E-B68EC6817C7C}.Ad-Hoc|iPhone.ActiveCfg = Release|Any CPU
		{080C0438-45DE-4078-BF6E-B68EC6817C7C}.Ad-Hoc|iPhone.Build.0 = Release|Any CPU
		{080C0438-45DE-4078-BF6E-B68EC6817C7C}.Ad-Hoc|iPhone.Deploy.0 = Release|Any CPU
		{080C0438-45DE-4078-BF6E-B68EC6817C7C}.Ad-Hoc|iPhoneSimulator.ActiveCfg = Release|Any CPU
		{080C0438-45DE-4078-BF6E-B68EC6817C7C}.Ad-Hoc|iPhoneSimulator.Build.0 = Release|Any CPU
		{080C0438-45DE-4078-BF6E-B68EC6817C7C}.Ad-Hoc|iPhoneSimulator.Deploy.0 = Release|Any CPU
		{080C0438-45DE-4078-BF6E-B68EC6817C7C}.Ad-Hoc|x86.ActiveCfg = Release|Any CPU
		{080C0438-45DE-4078-BF6E-B68EC6817C7C}.Ad-Hoc|x86.Build.0 = Release|Any CPU
		{080C0438-45DE-4078-BF6E-B68EC6817C7C}.Ad-Hoc|x86.Deploy.0 = Release|Any CPU
		{080C0438-45DE-4078-BF6E-B68EC6817C7C}.AppStore|Any CPU.ActiveCfg = Release|Any CPU
		{080C0438-45DE-4078-BF6E-B68EC6817C7C}.AppStore|Any CPU.Build.0 = Release|Any CPU
		{080C0438-45DE-4078-BF6E-B68EC6817C7C}.AppStore|Any CPU.Deploy.0 = Release|Any CPU
		{080C0438-45DE-4078-BF6E-B68EC6817C7C}.AppStore|ARM.ActiveCfg = Release|Any CPU
		{080C0438-45DE-4078-BF6E-B68EC6817C7C}.AppStore|ARM.Build.0 = Release|Any CPU
		{080C0438-45DE-4078-BF6E-B68EC6817C7C}.AppStore|ARM.Deploy.0 = Release|Any CPU
		{080C0438-45DE-4078-BF6E-B68EC6817C7C}.AppStore|iPhone.ActiveCfg = Release|Any CPU
		{080C0438-45DE-4078-BF6E-B68EC6817C7C}.AppStore|iPhone.Build.0 = Release|Any CPU
		{080C0438-45DE-4078-BF6E-B68EC6817C7C}.AppStore|iPhone.Deploy.0 = Release|Any CPU
		{080C0438-45DE-4078-BF6E-B68EC6817C7C}.AppStore|iPhoneSimulator.ActiveCfg = Release|Any CPU
		{080C0438-45DE-4078-BF6E-B68EC6817C7C}.AppStore|iPhoneSimulator.Build.0 = Release|Any CPU
		{080C0438-45DE-4078-BF6E-B68EC6817C7C}.AppStore|iPhoneSimulator.Deploy.0 = Release|Any CPU
		{080C0438-45DE-4078-BF6E-B68EC6817C7C}.AppStore|x86.ActiveCfg = Release|Any CPU
		{080C0438-45DE-4078-BF6E-B68EC6817C7C}.AppStore|x86.Build.0 = Release|Any CPU
		{080C0438-45DE-4078-BF6E-B68EC6817C7C}.AppStore|x86.Deploy.0 = Release|Any CPU
		{080C0438-45DE-4078-BF6E-B68EC6817C7C}.Debug|Any CPU.ActiveCfg = Debug|Any CPU
		{080C0438-45DE-4078-BF6E-B68EC6817C7C}.Debug|Any CPU.Build.0 = Debug|Any CPU
		{080C0438-45DE-4078-BF6E-B68EC6817C7C}.Debug|Any CPU.Deploy.0 = Debug|Any CPU
		{080C0438-45DE-4078-BF6E-B68EC6817C7C}.Debug|ARM.ActiveCfg = Debug|Any CPU
		{080C0438-45DE-4078-BF6E-B68EC6817C7C}.Debug|ARM.Build.0 = Debug|Any CPU
		{080C0438-45DE-4078-BF6E-B68EC6817C7C}.Debug|ARM.Deploy.0 = Debug|Any CPU
		{080C0438-45DE-4078-BF6E-B68EC6817C7C}.Debug|iPhone.ActiveCfg = Debug|Any CPU
		{080C0438-45DE-4078-BF6E-B68EC6817C7C}.Debug|iPhone.Build.0 = Debug|Any CPU
		{080C0438-45DE-4078-BF6E-B68EC6817C7C}.Debug|iPhone.Deploy.0 = Debug|Any CPU
		{080C0438-45DE-4078-BF6E-B68EC6817C7C}.Debug|iPhoneSimulator.ActiveCfg = Debug|Any CPU
		{080C0438-45DE-4078-BF6E-B68EC6817C7C}.Debug|iPhoneSimulator.Build.0 = Debug|Any CPU
		{080C0438-45DE-4078-BF6E-B68EC6817C7C}.Debug|iPhoneSimulator.Deploy.0 = Debug|Any CPU
		{080C0438-45DE-4078-BF6E-B68EC6817C7C}.Debug|x86.ActiveCfg = Debug|Any CPU
		{080C0438-45DE-4078-BF6E-B68EC6817C7C}.Debug|x86.Build.0 = Debug|Any CPU
		{080C0438-45DE-4078-BF6E-B68EC6817C7C}.Debug|x86.Deploy.0 = Debug|Any CPU
		{080C0438-45DE-4078-BF6E-B68EC6817C7C}.Release|Any CPU.ActiveCfg = Release|Any CPU
		{080C0438-45DE-4078-BF6E-B68EC6817C7C}.Release|Any CPU.Build.0 = Release|Any CPU
		{080C0438-45DE-4078-BF6E-B68EC6817C7C}.Release|Any CPU.Deploy.0 = Release|Any CPU
		{080C0438-45DE-4078-BF6E-B68EC6817C7C}.Release|ARM.ActiveCfg = Release|Any CPU
		{080C0438-45DE-4078-BF6E-B68EC6817C7C}.Release|ARM.Build.0 = Release|Any CPU
		{080C0438-45DE-4078-BF6E-B68EC6817C7C}.Release|ARM.Deploy.0 = Release|Any CPU
		{080C0438-45DE-4078-BF6E-B68EC6817C7C}.Release|iPhone.ActiveCfg = Release|Any CPU
		{080C0438-45DE-4078-BF6E-B68EC6817C7C}.Release|iPhone.Build.0 = Release|Any CPU
		{080C0438-45DE-4078-BF6E-B68EC6817C7C}.Release|iPhone.Deploy.0 = Release|Any CPU
		{080C0438-45DE-4078-BF6E-B68EC6817C7C}.Release|iPhoneSimulator.ActiveCfg = Release|Any CPU
		{080C0438-45DE-4078-BF6E-B68EC6817C7C}.Release|iPhoneSimulator.Build.0 = Release|Any CPU
		{080C0438-45DE-4078-BF6E-B68EC6817C7C}.Release|iPhoneSimulator.Deploy.0 = Release|Any CPU
		{080C0438-45DE-4078-BF6E-B68EC6817C7C}.Release|x86.ActiveCfg = Release|Any CPU
		{080C0438-45DE-4078-BF6E-B68EC6817C7C}.Release|x86.Build.0 = Release|Any CPU
		{080C0438-45DE-4078-BF6E-B68EC6817C7C}.Release|x86.Deploy.0 = Release|Any CPU
		{F7F8DE49-9D8B-4BAF-A1AA-0CEE0A4064F7}.Ad-Hoc|Any CPU.ActiveCfg = Release|Any CPU
		{F7F8DE49-9D8B-4BAF-A1AA-0CEE0A4064F7}.Ad-Hoc|Any CPU.Build.0 = Release|Any CPU
		{F7F8DE49-9D8B-4BAF-A1AA-0CEE0A4064F7}.Ad-Hoc|Any CPU.Deploy.0 = Release|Any CPU
		{F7F8DE49-9D8B-4BAF-A1AA-0CEE0A4064F7}.Ad-Hoc|ARM.ActiveCfg = Release|ARM
		{F7F8DE49-9D8B-4BAF-A1AA-0CEE0A4064F7}.Ad-Hoc|ARM.Build.0 = Release|ARM
		{F7F8DE49-9D8B-4BAF-A1AA-0CEE0A4064F7}.Ad-Hoc|ARM.Deploy.0 = Release|ARM
		{F7F8DE49-9D8B-4BAF-A1AA-0CEE0A4064F7}.Ad-Hoc|iPhone.ActiveCfg = Release|Any CPU
		{F7F8DE49-9D8B-4BAF-A1AA-0CEE0A4064F7}.Ad-Hoc|iPhone.Build.0 = Release|Any CPU
		{F7F8DE49-9D8B-4BAF-A1AA-0CEE0A4064F7}.Ad-Hoc|iPhone.Deploy.0 = Release|Any CPU
		{F7F8DE49-9D8B-4BAF-A1AA-0CEE0A4064F7}.Ad-Hoc|iPhoneSimulator.ActiveCfg = Release|Any CPU
		{F7F8DE49-9D8B-4BAF-A1AA-0CEE0A4064F7}.Ad-Hoc|iPhoneSimulator.Build.0 = Release|Any CPU
		{F7F8DE49-9D8B-4BAF-A1AA-0CEE0A4064F7}.Ad-Hoc|iPhoneSimulator.Deploy.0 = Release|Any CPU
		{F7F8DE49-9D8B-4BAF-A1AA-0CEE0A4064F7}.Ad-Hoc|x86.ActiveCfg = Release|x86
		{F7F8DE49-9D8B-4BAF-A1AA-0CEE0A4064F7}.Ad-Hoc|x86.Build.0 = Release|x86
		{F7F8DE49-9D8B-4BAF-A1AA-0CEE0A4064F7}.Ad-Hoc|x86.Deploy.0 = Release|x86
		{F7F8DE49-9D8B-4BAF-A1AA-0CEE0A4064F7}.AppStore|Any CPU.ActiveCfg = Release|Any CPU
		{F7F8DE49-9D8B-4BAF-A1AA-0CEE0A4064F7}.AppStore|Any CPU.Build.0 = Release|Any CPU
		{F7F8DE49-9D8B-4BAF-A1AA-0CEE0A4064F7}.AppStore|Any CPU.Deploy.0 = Release|Any CPU
		{F7F8DE49-9D8B-4BAF-A1AA-0CEE0A4064F7}.AppStore|ARM.ActiveCfg = Release|ARM
		{F7F8DE49-9D8B-4BAF-A1AA-0CEE0A4064F7}.AppStore|ARM.Build.0 = Release|ARM
		{F7F8DE49-9D8B-4BAF-A1AA-0CEE0A4064F7}.AppStore|ARM.Deploy.0 = Release|ARM
		{F7F8DE49-9D8B-4BAF-A1AA-0CEE0A4064F7}.AppStore|iPhone.ActiveCfg = Release|Any CPU
		{F7F8DE49-9D8B-4BAF-A1AA-0CEE0A4064F7}.AppStore|iPhone.Build.0 = Release|Any CPU
		{F7F8DE49-9D8B-4BAF-A1AA-0CEE0A4064F7}.AppStore|iPhone.Deploy.0 = Release|Any CPU
		{F7F8DE49-9D8B-4BAF-A1AA-0CEE0A4064F7}.AppStore|iPhoneSimulator.ActiveCfg = Release|Any CPU
		{F7F8DE49-9D8B-4BAF-A1AA-0CEE0A4064F7}.AppStore|iPhoneSimulator.Build.0 = Release|Any CPU
		{F7F8DE49-9D8B-4BAF-A1AA-0CEE0A4064F7}.AppStore|iPhoneSimulator.Deploy.0 = Release|Any CPU
		{F7F8DE49-9D8B-4BAF-A1AA-0CEE0A4064F7}.AppStore|x86.ActiveCfg = Release|x86
		{F7F8DE49-9D8B-4BAF-A1AA-0CEE0A4064F7}.AppStore|x86.Build.0 = Release|x86
		{F7F8DE49-9D8B-4BAF-A1AA-0CEE0A4064F7}.AppStore|x86.Deploy.0 = Release|x86
		{F7F8DE49-9D8B-4BAF-A1AA-0CEE0A4064F7}.Debug|Any CPU.ActiveCfg = Debug|Any CPU
		{F7F8DE49-9D8B-4BAF-A1AA-0CEE0A4064F7}.Debug|Any CPU.Build.0 = Debug|Any CPU
		{F7F8DE49-9D8B-4BAF-A1AA-0CEE0A4064F7}.Debug|Any CPU.Deploy.0 = Debug|Any CPU
		{F7F8DE49-9D8B-4BAF-A1AA-0CEE0A4064F7}.Debug|ARM.ActiveCfg = Debug|ARM
		{F7F8DE49-9D8B-4BAF-A1AA-0CEE0A4064F7}.Debug|ARM.Build.0 = Debug|ARM
		{F7F8DE49-9D8B-4BAF-A1AA-0CEE0A4064F7}.Debug|ARM.Deploy.0 = Debug|ARM
		{F7F8DE49-9D8B-4BAF-A1AA-0CEE0A4064F7}.Debug|iPhone.ActiveCfg = Debug|Any CPU
		{F7F8DE49-9D8B-4BAF-A1AA-0CEE0A4064F7}.Debug|iPhone.Build.0 = Debug|Any CPU
		{F7F8DE49-9D8B-4BAF-A1AA-0CEE0A4064F7}.Debug|iPhone.Deploy.0 = Debug|Any CPU
		{F7F8DE49-9D8B-4BAF-A1AA-0CEE0A4064F7}.Debug|iPhoneSimulator.ActiveCfg = Debug|Any CPU
		{F7F8DE49-9D8B-4BAF-A1AA-0CEE0A4064F7}.Debug|iPhoneSimulator.Build.0 = Debug|Any CPU
		{F7F8DE49-9D8B-4BAF-A1AA-0CEE0A4064F7}.Debug|iPhoneSimulator.Deploy.0 = Debug|Any CPU
		{F7F8DE49-9D8B-4BAF-A1AA-0CEE0A4064F7}.Debug|x86.ActiveCfg = Debug|x86
		{F7F8DE49-9D8B-4BAF-A1AA-0CEE0A4064F7}.Debug|x86.Build.0 = Debug|x86
		{F7F8DE49-9D8B-4BAF-A1AA-0CEE0A4064F7}.Debug|x86.Deploy.0 = Debug|x86
		{F7F8DE49-9D8B-4BAF-A1AA-0CEE0A4064F7}.Release|Any CPU.ActiveCfg = Release|Any CPU
		{F7F8DE49-9D8B-4BAF-A1AA-0CEE0A4064F7}.Release|Any CPU.Build.0 = Release|Any CPU
		{F7F8DE49-9D8B-4BAF-A1AA-0CEE0A4064F7}.Release|Any CPU.Deploy.0 = Release|Any CPU
		{F7F8DE49-9D8B-4BAF-A1AA-0CEE0A4064F7}.Release|ARM.ActiveCfg = Release|ARM
		{F7F8DE49-9D8B-4BAF-A1AA-0CEE0A4064F7}.Release|ARM.Build.0 = Release|ARM
		{F7F8DE49-9D8B-4BAF-A1AA-0CEE0A4064F7}.Release|ARM.Deploy.0 = Release|ARM
		{F7F8DE49-9D8B-4BAF-A1AA-0CEE0A4064F7}.Release|iPhone.ActiveCfg = Release|Any CPU
		{F7F8DE49-9D8B-4BAF-A1AA-0CEE0A4064F7}.Release|iPhone.Build.0 = Release|Any CPU
		{F7F8DE49-9D8B-4BAF-A1AA-0CEE0A4064F7}.Release|iPhone.Deploy.0 = Release|Any CPU
		{F7F8DE49-9D8B-4BAF-A1AA-0CEE0A4064F7}.Release|iPhoneSimulator.ActiveCfg = Release|Any CPU
		{F7F8DE49-9D8B-4BAF-A1AA-0CEE0A4064F7}.Release|iPhoneSimulator.Build.0 = Release|Any CPU
		{F7F8DE49-9D8B-4BAF-A1AA-0CEE0A4064F7}.Release|iPhoneSimulator.Deploy.0 = Release|Any CPU
		{F7F8DE49-9D8B-4BAF-A1AA-0CEE0A4064F7}.Release|x86.ActiveCfg = Release|x86
		{F7F8DE49-9D8B-4BAF-A1AA-0CEE0A4064F7}.Release|x86.Build.0 = Release|x86
		{F7F8DE49-9D8B-4BAF-A1AA-0CEE0A4064F7}.Release|x86.Deploy.0 = Release|x86
	EndGlobalSection
	GlobalSection(SolutionProperties) = preSolution
		HideSolutionNode = FALSE
	EndGlobalSection
EndGlobal
